
Microsoft Visual Studio Solution File, Format Version 12.00
# Visual Studio Version 16
VisualStudioVersion = 16.0.34114.132
MinimumVisualStudioVersion = 10.0.40219.1
Project("{FAE04EC0-301F-11D3-BF4B-00C04F79EFBC}") = "Tyuiu.KaidalovIG.Sprint3.Task0.V7", "Tyuiu.KaidalovIG.Sprint3.Task0.V7\Tyuiu.KaidalovIG.Sprint3.Task0.V7.csproj", "{B4D6E673-F509-4FA7-B724-703FADCC4348}"
EndProject
Project("{FAE04EC0-301F-11D3-BF4B-00C04F79EFBC}") = "Tyuiu.KaidalovIG.Sprint3.Task0.V7.Lib", "Tyuiu.KaidalovIG.Sprint3.Task0.V7.Lib\Tyuiu.KaidalovIG.Sprint3.Task0.V7.Lib.csproj", "{8326AA97-7AC4-4130-BDFB-FF76DB3D4BA6}"
EndProject
Project("{FAE04EC0-301F-11D3-BF4B-00C04F79EFBC}") = "Tyuiu.KaidalovIG.Sprint3.Task0.V7.Test", "Tyuiu.KaidalovIG.Sprint3.Task0.V7.Test\Tyuiu.KaidalovIG.Sprint3.Task0.V7.Test.csproj", "{E28B0A7D-3E76-4EC0-8CA8-7933093FA7A5}"
EndProject
Project("{2150E333-8FDC-42A3-9474-1A3956D46DE8}") = "Task0", "Task0", "{ED2D03C1-0CF2-47F9-ABE1-D7DA24FA59FA}"
EndProject
Project("{2150E333-8FDC-42A3-9474-1A3956D46DE8}") = "Task1", "Task1", "{3C7CFBDE-4B33-4400-ACF2-037228F4F8D6}"
EndProject
Project("{FAE04EC0-301F-11D3-BF4B-00C04F79EFBC}") = "Tyuiu.KaidalovIG.Sprint3.Task1.V22", "Tyuiu.KaidalovIG.Sprint3.Task1.V22\Tyuiu.KaidalovIG.Sprint3.Task1.V22.csproj", "{D45AAE12-E80F-4D5E-A8B8-3E26397E24C0}"
EndProject
Project("{FAE04EC0-301F-11D3-BF4B-00C04F79EFBC}") = "Tyuiu.KaidalovIG.Sprint3.Task1.V22.Test", "Tyuiu.KaidalovIG.Sprint3.Task1.V22.Test\Tyuiu.KaidalovIG.Sprint3.Task1.V22.Test.csproj", "{6F507508-0A14-4F0B-93D6-9B71955CA30E}"
EndProject
Project("{FAE04EC0-301F-11D3-BF4B-00C04F79EFBC}") = "Tyuiu.KaidalovIG.Sprint3.Task1.V22.Lib", "Tyuiu.KaidalovIG.Sprint3.Task1.V22.Lib\Tyuiu.KaidalovIG.Sprint3.Task1.V22.Lib.csproj", "{CC6BDA20-9127-428C-947D-57C98C6B1128}"
EndProject
Project("{2150E333-8FDC-42A3-9474-1A3956D46DE8}") = "Task2", "Task2", "{F146AB13-5828-4A5B-AA33-076D97AC65D2}"
EndProject
Project("{FAE04EC0-301F-11D3-BF4B-00C04F79EFBC}") = "Tyuiu.KaidalovIG.Sprint3.Task2.V12", "Tyuiu.KaidalovIG.Sprint3.Task2.V12\Tyuiu.KaidalovIG.Sprint3.Task2.V12.csproj", "{664BC944-9AE8-4EB5-BD30-5AF57F0997D6}"
EndProject
Project("{FAE04EC0-301F-11D3-BF4B-00C04F79EFBC}") = "Tyuiu.KaidalovIG.Sprint3.Task2.V12.Test", "Tyuiu.KaidalovIG.Sprint3.Task2.V12.Test\Tyuiu.KaidalovIG.Sprint3.Task2.V12.Test.csproj", "{16C92529-2803-4048-A9C7-65EA993F297E}"
EndProject
Project("{FAE04EC0-301F-11D3-BF4B-00C04F79EFBC}") = "Tyuiu.KaidalovIG.Sprint3.Task2.V12.Lib", "Tyuiu.KaidalovIG.Sprint3.Task2.V12.Lib\Tyuiu.KaidalovIG.Sprint3.Task2.V12.Lib.csproj", "{B8CF6A40-4048-4944-BBD2-ED7DEF67AAE1}"
EndProject
Project("{2150E333-8FDC-42A3-9474-1A3956D46DE8}") = "Task3", "Task3", "{562C0F87-094C-4D3D-9B1E-1246FED177D5}"
EndProject
Project("{FAE04EC0-301F-11D3-BF4B-00C04F79EFBC}") = "Tyuiu.KaidalovIG.Sprint3.Task3.V5", "Tyuiu.KaidalovIG.Sprint3.Task3.V5\Tyuiu.KaidalovIG.Sprint3.Task3.V5.csproj", "{48214F8B-7791-4A55-AB00-100249D55336}"
EndProject
Project("{FAE04EC0-301F-11D3-BF4B-00C04F79EFBC}") = "Tyuiu.KaidalovIG.Sprint3.Task3.V5.Lib", "Tyuiu.KaidalovIG.Sprint3.Task3.V5.Lib\Tyuiu.KaidalovIG.Sprint3.Task3.V5.Lib.csproj", "{CE590922-BF94-454B-B7D8-A3C9A19A13EF}"
EndProject
Project("{FAE04EC0-301F-11D3-BF4B-00C04F79EFBC}") = "Tyuiu.KaidalovIG.Sprint3.Task3.V5.Test", "Tyuiu.KaidalovIG.Sprint3.Task3.V5.Test\Tyuiu.KaidalovIG.Sprint3.Task3.V5.Test.csproj", "{D5F96C42-163B-4F01-8CC7-BAC32EA57514}"
EndProject
Project("{2150E333-8FDC-42A3-9474-1A3956D46DE8}") = "Task4", "Task4", "{FE86625F-F134-43F8-94A3-51107D62B490}"
EndProject
Project("{FAE04EC0-301F-11D3-BF4B-00C04F79EFBC}") = "Tyuiu.KaidalovIG.Sprint3.Task4.V24", "Tyuiu.KaidalovIG.Sprint3.Task4.V24\Tyuiu.KaidalovIG.Sprint3.Task4.V24.csproj", "{AED7A612-956C-4008-9E12-18BD1D2D54C2}"
EndProject
Project("{FAE04EC0-301F-11D3-BF4B-00C04F79EFBC}") = "Tyuiu.KaidalovIG.Sprint3.Task4.V24.Lib", "Tyuiu.KaidalovIG.Sprint3.Task4.V24.Lib\Tyuiu.KaidalovIG.Sprint3.Task4.V24.Lib.csproj", "{82BA8F00-3907-40B4-9F5D-D0FB9E74B6CC}"
EndProject
Project("{FAE04EC0-301F-11D3-BF4B-00C04F79EFBC}") = "Tyuiu.KaidalovIG.Sprint3.Task4.V24.Test", "Tyuiu.KaidalovIG.Sprint3.Task4.V24.Test\Tyuiu.KaidalovIG.Sprint3.Task4.V24.Test.csproj", "{74E88832-7072-4C40-AF94-3B3528888F69}"
EndProject
Project("{2150E333-8FDC-42A3-9474-1A3956D46DE8}") = "Task5", "Task5", "{E580C7C9-2AE6-4974-87BF-EAF85D10B24D}"
EndProject
Project("{FAE04EC0-301F-11D3-BF4B-00C04F79EFBC}") = "Tyuiu.KaidalovIG.Sprint3.Task5.V16", "Tyuiu.KaidalovIG.Sprint3.Task5.V16\Tyuiu.KaidalovIG.Sprint3.Task5.V16.csproj", "{98875CF1-0F9D-4097-AEC1-4386AC4904DE}"
EndProject
Project("{FAE04EC0-301F-11D3-BF4B-00C04F79EFBC}") = "Tyuiu.KaidalovIG.Sprint3.Task5.V16.Lib", "Tyuiu.KaidalovIG.Sprint3.Task5.V16.Lib\Tyuiu.KaidalovIG.Sprint3.Task5.V16.Lib.csproj", "{DEACD0D4-085F-4519-98E1-FE5A9070382D}"
EndProject
Project("{FAE04EC0-301F-11D3-BF4B-00C04F79EFBC}") = "Tyuiu.KaidalovIG.Sprint3.Task5.V16.Test", "Tyuiu.KaidalovIG.Sprint3.Task5.V16.Test\Tyuiu.KaidalovIG.Sprint3.Task5.V16.Test.csproj", "{08FD1AAF-4655-473D-81D7-61AB8CC3C93A}"
EndProject
Project("{2150E333-8FDC-42A3-9474-1A3956D46DE8}") = "Task6", "Task6", "{24ECE230-BB82-4B05-AE5E-4FAD2ED083C8}"
EndProject
Project("{FAE04EC0-301F-11D3-BF4B-00C04F79EFBC}") = "Tyuiu.KaidalovIG.Sprint3.Task6.V25", "Tyuiu.KaidalovIG.Sprint3.Task6.V25\Tyuiu.KaidalovIG.Sprint3.Task6.V25.csproj", "{2C1818AE-3C51-4794-980E-6C55C115F2A3}"
EndProject
Project("{FAE04EC0-301F-11D3-BF4B-00C04F79EFBC}") = "Tyuiu.KaidalovIG.Sprint3.Task6.V25.Lib", "Tyuiu.KaidalovIG.Sprint3.Task6.V25.Lib\Tyuiu.KaidalovIG.Sprint3.Task6.V25.Lib.csproj", "{029F8C4F-023A-4BEE-911D-CC35929C2C96}"
EndProject
Project("{FAE04EC0-301F-11D3-BF4B-00C04F79EFBC}") = "Tyuiu.KaidalovIG.Sprint3.Task6.V25.Test", "Tyuiu.KaidalovIG.Sprint3.Task6.V25.Test\Tyuiu.KaidalovIG.Sprint3.Task6.V25.Test.csproj", "{481BF2B7-BEA3-434D-922A-B345BA0532FF}"
EndProject
Global
	GlobalSection(SolutionConfigurationPlatforms) = preSolution
		Debug|Any CPU = Debug|Any CPU
		Release|Any CPU = Release|Any CPU
	EndGlobalSection
	GlobalSection(ProjectConfigurationPlatforms) = postSolution
		{B4D6E673-F509-4FA7-B724-703FADCC4348}.Debug|Any CPU.ActiveCfg = Debug|Any CPU
		{B4D6E673-F509-4FA7-B724-703FADCC4348}.Debug|Any CPU.Build.0 = Debug|Any CPU
		{B4D6E673-F509-4FA7-B724-703FADCC4348}.Release|Any CPU.ActiveCfg = Release|Any CPU
		{B4D6E673-F509-4FA7-B724-703FADCC4348}.Release|Any CPU.Build.0 = Release|Any CPU
		{8326AA97-7AC4-4130-BDFB-FF76DB3D4BA6}.Debug|Any CPU.ActiveCfg = Debug|Any CPU
		{8326AA97-7AC4-4130-BDFB-FF76DB3D4BA6}.Debug|Any CPU.Build.0 = Debug|Any CPU
		{8326AA97-7AC4-4130-BDFB-FF76DB3D4BA6}.Release|Any CPU.ActiveCfg = Release|Any CPU
		{8326AA97-7AC4-4130-BDFB-FF76DB3D4BA6}.Release|Any CPU.Build.0 = Release|Any CPU
		{E28B0A7D-3E76-4EC0-8CA8-7933093FA7A5}.Debug|Any CPU.ActiveCfg = Debug|Any CPU
		{E28B0A7D-3E76-4EC0-8CA8-7933093FA7A5}.Debug|Any CPU.Build.0 = Debug|Any CPU
		{E28B0A7D-3E76-4EC0-8CA8-7933093FA7A5}.Release|Any CPU.ActiveCfg = Release|Any CPU
		{E28B0A7D-3E76-4EC0-8CA8-7933093FA7A5}.Release|Any CPU.Build.0 = Release|Any CPU
		{D45AAE12-E80F-4D5E-A8B8-3E26397E24C0}.Debug|Any CPU.ActiveCfg = Debug|Any CPU
		{D45AAE12-E80F-4D5E-A8B8-3E26397E24C0}.Debug|Any CPU.Build.0 = Debug|Any CPU
		{D45AAE12-E80F-4D5E-A8B8-3E26397E24C0}.Release|Any CPU.ActiveCfg = Release|Any CPU
		{D45AAE12-E80F-4D5E-A8B8-3E26397E24C0}.Release|Any CPU.Build.0 = Release|Any CPU
		{6F507508-0A14-4F0B-93D6-9B71955CA30E}.Debug|Any CPU.ActiveCfg = Debug|Any CPU
		{6F507508-0A14-4F0B-93D6-9B71955CA30E}.Debug|Any CPU.Build.0 = Debug|Any CPU
		{6F507508-0A14-4F0B-93D6-9B71955CA30E}.Release|Any CPU.ActiveCfg = Release|Any CPU
		{6F507508-0A14-4F0B-93D6-9B71955CA30E}.Release|Any CPU.Build.0 = Release|Any CPU
		{CC6BDA20-9127-428C-947D-57C98C6B1128}.Debug|Any CPU.ActiveCfg = Debug|Any CPU
		{CC6BDA20-9127-428C-947D-57C98C6B1128}.Debug|Any CPU.Build.0 = Debug|Any CPU
		{CC6BDA20-9127-428C-947D-57C98C6B1128}.Release|Any CPU.ActiveCfg = Release|Any CPU
		{CC6BDA20-9127-428C-947D-57C98C6B1128}.Release|Any CPU.Build.0 = Release|Any CPU
		{664BC944-9AE8-4EB5-BD30-5AF57F0997D6}.Debug|Any CPU.ActiveCfg = Debug|Any CPU
		{664BC944-9AE8-4EB5-BD30-5AF57F0997D6}.Debug|Any CPU.Build.0 = Debug|Any CPU
		{664BC944-9AE8-4EB5-BD30-5AF57F0997D6}.Release|Any CPU.ActiveCfg = Release|Any CPU
		{664BC944-9AE8-4EB5-BD30-5AF57F0997D6}.Release|Any CPU.Build.0 = Release|Any CPU
		{16C92529-2803-4048-A9C7-65EA993F297E}.Debug|Any CPU.ActiveCfg = Debug|Any CPU
		{16C92529-2803-4048-A9C7-65EA993F297E}.Debug|Any CPU.Build.0 = Debug|Any CPU
		{16C92529-2803-4048-A9C7-65EA993F297E}.Release|Any CPU.ActiveCfg = Release|Any CPU
		{16C92529-2803-4048-A9C7-65EA993F297E}.Release|Any CPU.Build.0 = Release|Any CPU
		{B8CF6A40-4048-4944-BBD2-ED7DEF67AAE1}.Debug|Any CPU.ActiveCfg = Debug|Any CPU
		{B8CF6A40-4048-4944-BBD2-ED7DEF67AAE1}.Debug|Any CPU.Build.0 = Debug|Any CPU
		{B8CF6A40-4048-4944-BBD2-ED7DEF67AAE1}.Release|Any CPU.ActiveCfg = Release|Any CPU
		{B8CF6A40-4048-4944-BBD2-ED7DEF67AAE1}.Release|Any CPU.Build.0 = Release|Any CPU
		{48214F8B-7791-4A55-AB00-100249D55336}.Debug|Any CPU.ActiveCfg = Debug|Any CPU
		{48214F8B-7791-4A55-AB00-100249D55336}.Debug|Any CPU.Build.0 = Debug|Any CPU
		{48214F8B-7791-4A55-AB00-100249D55336}.Release|Any CPU.ActiveCfg = Release|Any CPU
		{48214F8B-7791-4A55-AB00-100249D55336}.Release|Any CPU.Build.0 = Release|Any CPU
		{CE590922-BF94-454B-B7D8-A3C9A19A13EF}.Debug|Any CPU.ActiveCfg = Debug|Any CPU
		{CE590922-BF94-454B-B7D8-A3C9A19A13EF}.Debug|Any CPU.Build.0 = Debug|Any CPU
		{CE590922-BF94-454B-B7D8-A3C9A19A13EF}.Release|Any CPU.ActiveCfg = Release|Any CPU
		{CE590922-BF94-454B-B7D8-A3C9A19A13EF}.Release|Any CPU.Build.0 = Release|Any CPU
		{D5F96C42-163B-4F01-8CC7-BAC32EA57514}.Debug|Any CPU.ActiveCfg = Debug|Any CPU
		{D5F96C42-163B-4F01-8CC7-BAC32EA57514}.Debug|Any CPU.Build.0 = Debug|Any CPU
		{D5F96C42-163B-4F01-8CC7-BAC32EA57514}.Release|Any CPU.ActiveCfg = Release|Any CPU
		{D5F96C42-163B-4F01-8CC7-BAC32EA57514}.Release|Any CPU.Build.0 = Release|Any CPU
		{AED7A612-956C-4008-9E12-18BD1D2D54C2}.Debug|Any CPU.ActiveCfg = Debug|Any CPU
		{AED7A612-956C-4008-9E12-18BD1D2D54C2}.Debug|Any CPU.Build.0 = Debug|Any CPU
		{AED7A612-956C-4008-9E12-18BD1D2D54C2}.Release|Any CPU.ActiveCfg = Release|Any CPU
		{AED7A612-956C-4008-9E12-18BD1D2D54C2}.Release|Any CPU.Build.0 = Release|Any CPU
		{82BA8F00-3907-40B4-9F5D-D0FB9E74B6CC}.Debug|Any CPU.ActiveCfg = Debug|Any CPU
		{82BA8F00-3907-40B4-9F5D-D0FB9E74B6CC}.Debug|Any CPU.Build.0 = Debug|Any CPU
		{82BA8F00-3907-40B4-9F5D-D0FB9E74B6CC}.Release|Any CPU.ActiveCfg = Release|Any CPU
		{82BA8F00-3907-40B4-9F5D-D0FB9E74B6CC}.Release|Any CPU.Build.0 = Release|Any CPU
		{74E88832-7072-4C40-AF94-3B3528888F69}.Debug|Any CPU.ActiveCfg = Debug|Any CPU
		{74E88832-7072-4C40-AF94-3B3528888F69}.Debug|Any CPU.Build.0 = Debug|Any CPU
		{74E88832-7072-4C40-AF94-3B3528888F69}.Release|Any CPU.ActiveCfg = Release|Any CPU
		{74E88832-7072-4C40-AF94-3B3528888F69}.Release|Any CPU.Build.0 = Release|Any CPU
		{98875CF1-0F9D-4097-AEC1-4386AC4904DE}.Debug|Any CPU.ActiveCfg = Debug|Any CPU
		{98875CF1-0F9D-4097-AEC1-4386AC4904DE}.Debug|Any CPU.Build.0 = Debug|Any CPU
		{98875CF1-0F9D-4097-AEC1-4386AC4904DE}.Release|Any CPU.ActiveCfg = Release|Any CPU
		{98875CF1-0F9D-4097-AEC1-4386AC4904DE}.Release|Any CPU.Build.0 = Release|Any CPU
		{DEACD0D4-085F-4519-98E1-FE5A9070382D}.Debug|Any CPU.ActiveCfg = Debug|Any CPU
		{DEACD0D4-085F-4519-98E1-FE5A9070382D}.Debug|Any CPU.Build.0 = Debug|Any CPU
		{DEACD0D4-085F-4519-98E1-FE5A9070382D}.Release|Any CPU.ActiveCfg = Release|Any CPU
		{DEACD0D4-085F-4519-98E1-FE5A9070382D}.Release|Any CPU.Build.0 = Release|Any CPU
		{08FD1AAF-4655-473D-81D7-61AB8CC3C93A}.Debug|Any CPU.ActiveCfg = Debug|Any CPU
		{08FD1AAF-4655-473D-81D7-61AB8CC3C93A}.Debug|Any CPU.Build.0 = Debug|Any CPU
		{08FD1AAF-4655-473D-81D7-61AB8CC3C93A}.Release|Any CPU.ActiveCfg = Release|Any CPU
		{08FD1AAF-4655-473D-81D7-61AB8CC3C93A}.Release|Any CPU.Build.0 = Release|Any CPU
		{2C1818AE-3C51-4794-980E-6C55C115F2A3}.Debug|Any CPU.ActiveCfg = Debug|Any CPU
		{2C1818AE-3C51-4794-980E-6C55C115F2A3}.Debug|Any CPU.Build.0 = Debug|Any CPU
		{2C1818AE-3C51-4794-980E-6C55C115F2A3}.Release|Any CPU.ActiveCfg = Release|Any CPU
		{2C1818AE-3C51-4794-980E-6C55C115F2A3}.Release|Any CPU.Build.0 = Release|Any CPU
		{029F8C4F-023A-4BEE-911D-CC35929C2C96}.Debug|Any CPU.ActiveCfg = Debug|Any CPU
		{029F8C4F-023A-4BEE-911D-CC35929C2C96}.Debug|Any CPU.Build.0 = Debug|Any CPU
		{029F8C4F-023A-4BEE-911D-CC35929C2C96}.Release|Any CPU.ActiveCfg = Release|Any CPU
		{029F8C4F-023A-4BEE-911D-CC35929C2C96}.Release|Any CPU.Build.0 = Release|Any CPU
		{481BF2B7-BEA3-434D-922A-B345BA0532FF}.Debug|Any CPU.ActiveCfg = Debug|Any CPU
		{481BF2B7-BEA3-434D-922A-B345BA0532FF}.Debug|Any CPU.Build.0 = Debug|Any CPU
		{481BF2B7-BEA3-434D-922A-B345BA0532FF}.Release|Any CPU.ActiveCfg = Release|Any CPU
		{481BF2B7-BEA3-434D-922A-B345BA0532FF}.Release|Any CPU.Build.0 = Release|Any CPU
	EndGlobalSection
	GlobalSection(SolutionProperties) = preSolution
		HideSolutionNode = FALSE
	EndGlobalSection
	GlobalSection(NestedProjects) = preSolution
		{B4D6E673-F509-4FA7-B724-703FADCC4348} = {ED2D03C1-0CF2-47F9-ABE1-D7DA24FA59FA}
		{8326AA97-7AC4-4130-BDFB-FF76DB3D4BA6} = {ED2D03C1-0CF2-47F9-ABE1-D7DA24FA59FA}
		{E28B0A7D-3E76-4EC0-8CA8-7933093FA7A5} = {ED2D03C1-0CF2-47F9-ABE1-D7DA24FA59FA}
		{D45AAE12-E80F-4D5E-A8B8-3E26397E24C0} = {3C7CFBDE-4B33-4400-ACF2-037228F4F8D6}
		{6F507508-0A14-4F0B-93D6-9B71955CA30E} = {3C7CFBDE-4B33-4400-ACF2-037228F4F8D6}
		{CC6BDA20-9127-428C-947D-57C98C6B1128} = {3C7CFBDE-4B33-4400-ACF2-037228F4F8D6}
		{664BC944-9AE8-4EB5-BD30-5AF57F0997D6} = {F146AB13-5828-4A5B-AA33-076D97AC65D2}
		{16C92529-2803-4048-A9C7-65EA993F297E} = {F146AB13-5828-4A5B-AA33-076D97AC65D2}
		{B8CF6A40-4048-4944-BBD2-ED7DEF67AAE1} = {F146AB13-5828-4A5B-AA33-076D97AC65D2}
		{48214F8B-7791-4A55-AB00-100249D55336} = {562C0F87-094C-4D3D-9B1E-1246FED177D5}
		{CE590922-BF94-454B-B7D8-A3C9A19A13EF} = {562C0F87-094C-4D3D-9B1E-1246FED177D5}
		{D5F96C42-163B-4F01-8CC7-BAC32EA57514} = {562C0F87-094C-4D3D-9B1E-1246FED177D5}
		{AED7A612-956C-4008-9E12-18BD1D2D54C2} = {FE86625F-F134-43F8-94A3-51107D62B490}
		{82BA8F00-3907-40B4-9F5D-D0FB9E74B6CC} = {FE86625F-F134-43F8-94A3-51107D62B490}
		{74E88832-7072-4C40-AF94-3B3528888F69} = {FE86625F-F134-43F8-94A3-51107D62B490}
		{98875CF1-0F9D-4097-AEC1-4386AC4904DE} = {E580C7C9-2AE6-4974-87BF-EAF85D10B24D}
		{DEACD0D4-085F-4519-98E1-FE5A9070382D} = {E580C7C9-2AE6-4974-87BF-EAF85D10B24D}
		{08FD1AAF-4655-473D-81D7-61AB8CC3C93A} = {E580C7C9-2AE6-4974-87BF-EAF85D10B24D}
		{2C1818AE-3C51-4794-980E-6C55C115F2A3} = {24ECE230-BB82-4B05-AE5E-4FAD2ED083C8}
		{029F8C4F-023A-4BEE-911D-CC35929C2C96} = {24ECE230-BB82-4B05-AE5E-4FAD2ED083C8}
		{481BF2B7-BEA3-434D-922A-B345BA0532FF} = {24ECE230-BB82-4B05-AE5E-4FAD2ED083C8}
	EndGlobalSection
	GlobalSection(ExtensibilityGlobals) = postSolution
		SolutionGuid = {DF97A8DD-611B-40F2-8AC0-1CA5B0757C65}
	EndGlobalSection
EndGlobal
